
Microsoft Visual Studio Solution File, Format Version 12.00
Project("{FAE04EC0-301F-11D3-BF4B-00C04F79EFBC}") = "Games", "Games\Games.csproj", "{06D1DCF0-0BFA-4FF5-8D86-1685BA30B248}"
EndProject
Global
	GlobalSection(SolutionConfigurationPlatforms) = preSolution
		Debug|Any CPU = Debug|Any CPU
		Release|Any CPU = Release|Any CPU
	EndGlobalSection
	GlobalSection(ProjectConfigurationPlatforms) = postSolution
		{06D1DCF0-0BFA-4FF5-8D86-1685BA30B248}.Debug|Any CPU.ActiveCfg = Debug|Any CPU
		{06D1DCF0-0BFA-4FF5-8D86-1685BA30B248}.Debug|Any CPU.Build.0 = Debug|Any CPU
		{06D1DCF0-0BFA-4FF5-8D86-1685BA30B248}.Release|Any CPU.ActiveCfg = Release|Any CPU
		{06D1DCF0-0BFA-4FF5-8D86-1685BA30B248}.Release|Any CPU.Build.0 = Release|Any CPU
	EndGlobalSection
	GlobalSection(NestedProjects) = preSolution
	EndGlobalSection
EndGlobal
